
Microsoft Visual Studio Solution File, Format Version 12.00
# Visual Studio Version 16
VisualStudioVersion = 16.0.29409.12
MinimumVisualStudioVersion = 10.0.40219.1
Project("{8BC9CEB8-8B4A-11D0-8D11-00A0C91BC942}") = "设计模式day3适配模式", "设计模式day3适配模式\设计模式day3适配模式.vcxproj", "{B760031E-7ED2-4232-BBB0-B5ABF09942B3}"
EndProject
Global
	GlobalSection(SolutionConfigurationPlatforms) = preSolution
		Debug|x64 = Debug|x64
		Debug|x86 = Debug|x86
		Release|x64 = Release|x64
		Release|x86 = Release|x86
	EndGlobalSection
	GlobalSection(ProjectConfigurationPlatforms) = postSolution
		{B760031E-7ED2-4232-BBB0-B5ABF09942B3}.Debug|x64.ActiveCfg = Debug|x64
		{B760031E-7ED2-4232-BBB0-B5ABF09942B3}.Debug|x64.Build.0 = Debug|x64
		{B760031E-7ED2-4232-BBB0-B5ABF09942B3}.Debug|x86.ActiveCfg = Debug|Win32
		{B760031E-7ED2-4232-BBB0-B5ABF09942B3}.Debug|x86.Build.0 = Debug|Win32
		{B760031E-7ED2-4232-BBB0-B5ABF09942B3}.Release|x64.ActiveCfg = Release|x64
		{B760031E-7ED2-4232-BBB0-B5ABF09942B3}.Release|x64.Build.0 = Release|x64
		{B760031E-7ED2-4232-BBB0-B5ABF09942B3}.Release|x86.ActiveCfg = Release|Win32
		{B760031E-7ED2-4232-BBB0-B5ABF09942B3}.Release|x86.Build.0 = Release|Win32
	EndGlobalSection
	GlobalSection(SolutionProperties) = preSolution
		HideSolutionNode = FALSE
	EndGlobalSection
	GlobalSection(ExtensibilityGlobals) = postSolution
		SolutionGuid = {B150BE03-45C8-497D-9F0B-6D2373E7A16A}
	EndGlobalSection
EndGlobal
